
Microsoft Visual Studio Solution File, Format Version 12.00
# Visual Studio 15
VisualStudioVersion = 15.0.27703.2000
MinimumVisualStudioVersion = 10.0.40219.1
Project("{FAE04EC0-301F-11D3-BF4B-00C04F79EFBC}") = "TestLibraryPackage", "TestLibraryPackage\TestLibraryPackage.csproj", "{BC92D370-5A92-417D-944C-3CE420A76739}"
EndProject
Project("{FAE04EC0-301F-11D3-BF4B-00C04F79EFBC}") = "DependendLib", "DependendLib\DependendLib.csproj", "{596FC8C5-646F-44D9-A8A2-5AC1EC3E4E3A}"
EndProject
Global
	GlobalSection(SolutionConfigurationPlatforms) = preSolution
		Debug|Any CPU = Debug|Any CPU
		Release|Any CPU = Release|Any CPU
	EndGlobalSection
	GlobalSection(ProjectConfigurationPlatforms) = postSolution
		{BC92D370-5A92-417D-944C-3CE420A76739}.Debug|Any CPU.ActiveCfg = Debug|Any CPU
		{BC92D370-5A92-417D-944C-3CE420A76739}.Debug|Any CPU.Build.0 = Debug|Any CPU
		{BC92D370-5A92-417D-944C-3CE420A76739}.Release|Any CPU.ActiveCfg = Release|Any CPU
		{BC92D370-5A92-417D-944C-3CE420A76739}.Release|Any CPU.Build.0 = Release|Any CPU
		{596FC8C5-646F-44D9-A8A2-5AC1EC3E4E3A}.Debug|Any CPU.ActiveCfg = Debug|Any CPU
		{596FC8C5-646F-44D9-A8A2-5AC1EC3E4E3A}.Debug|Any CPU.Build.0 = Debug|Any CPU
		{596FC8C5-646F-44D9-A8A2-5AC1EC3E4E3A}.Release|Any CPU.ActiveCfg = Release|Any CPU
		{596FC8C5-646F-44D9-A8A2-5AC1EC3E4E3A}.Release|Any CPU.Build.0 = Release|Any CPU
	EndGlobalSection
	GlobalSection(SolutionProperties) = preSolution
		HideSolutionNode = FALSE
	EndGlobalSection
	GlobalSection(ExtensibilityGlobals) = postSolution
		SolutionGuid = {5A1BC1F1-5C73-470D-9391-90BF70D14115}
	EndGlobalSection
EndGlobal
